
Microsoft Visual Studio Solution File, Format Version 12.00
# Visual Studio Version 17
VisualStudioVersion = 17.3.32922.545
MinimumVisualStudioVersion = 10.0.40219.1
Project("{FAE04EC0-301F-11D3-BF4B-00C04F79EFBC}") = "backend", "backend.csproj", "{2C964086-0FBC-4540-AAF8-F265778A93A9}"
EndProject
Project("{FAE04EC0-301F-11D3-BF4B-00C04F79EFBC}") = "scanner", "..\scanner\scanner.csproj", "{60147C89-BC70-426D-B018-2841AFF8AD78}"
EndProject
Global
	GlobalSection(SolutionConfigurationPlatforms) = preSolution
		Debug|Any CPU = Debug|Any CPU
		Release|Any CPU = Release|Any CPU
	EndGlobalSection
	GlobalSection(ProjectConfigurationPlatforms) = postSolution
		{2C964086-0FBC-4540-AAF8-F265778A93A9}.Debug|Any CPU.ActiveCfg = Debug|Any CPU
		{2C964086-0FBC-4540-AAF8-F265778A93A9}.Debug|Any CPU.Build.0 = Debug|Any CPU
		{2C964086-0FBC-4540-AAF8-F265778A93A9}.Release|Any CPU.ActiveCfg = Release|Any CPU
		{2C964086-0FBC-4540-AAF8-F265778A93A9}.Release|Any CPU.Build.0 = Release|Any CPU
		{60147C89-BC70-426D-B018-2841AFF8AD78}.Debug|Any CPU.ActiveCfg = Debug|Any CPU
		{60147C89-BC70-426D-B018-2841AFF8AD78}.Debug|Any CPU.Build.0 = Debug|Any CPU
		{60147C89-BC70-426D-B018-2841AFF8AD78}.Release|Any CPU.ActiveCfg = Release|Any CPU
		{60147C89-BC70-426D-B018-2841AFF8AD78}.Release|Any CPU.Build.0 = Release|Any CPU
	EndGlobalSection
	GlobalSection(SolutionProperties) = preSolution
		HideSolutionNode = FALSE
	EndGlobalSection
	GlobalSection(ExtensibilityGlobals) = postSolution
		SolutionGuid = {60124A22-C938-4650-8427-F5F342BD0BA4}
	EndGlobalSection
EndGlobal
